// !$*UTF8*$!
{
	archiveVersion = 1;
	classes = {
	};
	objectVersion = 46;
	objects = {

/* Begin PBXBuildFile section */
		D333601E1CE9A4CB00E39FA6 /* Reachability.m in Sources */ = {isa = PBXBuildFile; fileRef = D333601D1CE9A4CB00E39FA6 /* Reachability.m */; };
		D3B564B61CE885720092EA03 /* AppDelegate.swift in Sources */ = {isa = PBXBuildFile; fileRef = D3B564B51CE885720092EA03 /* AppDelegate.swift */; };
		D3B564B81CE885720092EA03 /* ViewController.swift in Sources */ = {isa = PBXBuildFile; fileRef = D3B564B71CE885720092EA03 /* ViewController.swift */; };
		D3B564BB1CE885720092EA03 /* Main.storyboard in Resources */ = {isa = PBXBuildFile; fileRef = D3B564B91CE885720092EA03 /* Main.storyboard */; };
		D3B564BD1CE885720092EA03 /* Assets.xcassets in Resources */ = {isa = PBXBuildFile; fileRef = D3B564BC1CE885720092EA03 /* Assets.xcassets */; };
		D3B564C01CE885720092EA03 /* LaunchScreen.storyboard in Resources */ = {isa = PBXBuildFile; fileRef = D3B564BE1CE885720092EA03 /* LaunchScreen.storyboard */; };
		D3B564CB1CE885720092EA03 /* MusicVideoTests.swift in Sources */ = {isa = PBXBuildFile; fileRef = D3B564CA1CE885720092EA03 /* MusicVideoTests.swift */; };
		D3B564D61CE885720092EA03 /* MusicVideoUITests.swift in Sources */ = {isa = PBXBuildFile; fileRef = D3B564D51CE885720092EA03 /* MusicVideoUITests.swift */; };
		D3B564E81CE895A60092EA03 /* APIManager.swift in Sources */ = {isa = PBXBuildFile; fileRef = D3B564E71CE895A60092EA03 /* APIManager.swift */; };
		D3B564EB1CE8EE660092EA03 /* Constants.swift in Sources */ = {isa = PBXBuildFile; fileRef = D3B564EA1CE8EE660092EA03 /* Constants.swift */; };
		D3B564ED1CE8EFA80092EA03 /* MusicVideo.swift in Sources */ = {isa = PBXBuildFile; fileRef = D3B564EC1CE8EFA80092EA03 /* MusicVideo.swift */; };
		D3E580931CEE67C0004BAB9F /* MusicVideoTVC.swift in Sources */ = {isa = PBXBuildFile; fileRef = D3E580921CEE67C0004BAB9F /* MusicVideoTVC.swift */; };
		D3E580951CEEE298004BAB9F /* MusicVideoTableViewCell.swift in Sources */ = {isa = PBXBuildFile; fileRef = D3E580941CEEE298004BAB9F /* MusicVideoTableViewCell.swift */; };
/* End PBXBuildFile section */

/* Begin PBXContainerItemProxy section */
		D3B564C71CE885720092EA03 /* PBXContainerItemProxy */ = {
			isa = PBXContainerItemProxy;
			containerPortal = D3B564AA1CE885720092EA03 /* Project object */;
			proxyType = 1;
			remoteGlobalIDString = D3B564B11CE885720092EA03;
			remoteInfo = MusicVideo;
		};
		D3B564D21CE885720092EA03 /* PBXContainerItemProxy */ = {
			isa = PBXContainerItemProxy;
			containerPortal = D3B564AA1CE885720092EA03 /* Project object */;
			proxyType = 1;
			remoteGlobalIDString = D3B564B11CE885720092EA03;
			remoteInfo = MusicVideo;
		};
/* End PBXContainerItemProxy section */

/* Begin PBXFileReference section */
		D333601B1CE9A4CB00E39FA6 /* MusicVideo-Bridging-Header.h */ = {isa = PBXFileReference; lastKnownFileType = sourcecode.c.h; path = "MusicVideo-Bridging-Header.h"; sourceTree = "<group>"; };
		D333601C1CE9A4CB00E39FA6 /* Reachability.h */ = {isa = PBXFileReference; fileEncoding = 4; lastKnownFileType = sourcecode.c.h; path = Reachability.h; sourceTree = "<group>"; };
		D333601D1CE9A4CB00E39FA6 /* Reachability.m */ = {isa = PBXFileReference; fileEncoding = 4; lastKnownFileType = sourcecode.c.objc; path = Reachability.m; sourceTree = "<group>"; };
		D3B564B21CE885720092EA03 /* MusicVideo.app */ = {isa = PBXFileReference; explicitFileType = wrapper.application; includeInIndex = 0; path = MusicVideo.app; sourceTree = BUILT_PRODUCTS_DIR; };
		D3B564B51CE885720092EA03 /* AppDelegate.swift */ = {isa = PBXFileReference; lastKnownFileType = sourcecode.swift; path = AppDelegate.swift; sourceTree = "<group>"; };
		D3B564B71CE885720092EA03 /* ViewController.swift */ = {isa = PBXFileReference; lastKnownFileType = sourcecode.swift; path = ViewController.swift; sourceTree = "<group>"; };
		D3B564BA1CE885720092EA03 /* Base */ = {isa = PBXFileReference; lastKnownFileType = file.storyboard; name = Base; path = Base.lproj/Main.storyboard; sourceTree = "<group>"; };
		D3B564BC1CE885720092EA03 /* Assets.xcassets */ = {isa = PBXFileReference; lastKnownFileType = folder.assetcatalog; path = Assets.xcassets; sourceTree = "<group>"; };
		D3B564BF1CE885720092EA03 /* Base */ = {isa = PBXFileReference; lastKnownFileType = file.storyboard; name = Base; path = Base.lproj/LaunchScreen.storyboard; sourceTree = "<group>"; };
		D3B564C11CE885720092EA03 /* Info.plist */ = {isa = PBXFileReference; lastKnownFileType = text.plist.xml; path = Info.plist; sourceTree = "<group>"; };
		D3B564C61CE885720092EA03 /* MusicVideoTests.xctest */ = {isa = PBXFileReference; explicitFileType = wrapper.cfbundle; includeInIndex = 0; path = MusicVideoTests.xctest; sourceTree = BUILT_PRODUCTS_DIR; };
		D3B564CA1CE885720092EA03 /* MusicVideoTests.swift */ = {isa = PBXFileReference; lastKnownFileType = sourcecode.swift; path = MusicVideoTests.swift; sourceTree = "<group>"; };
		D3B564CC1CE885720092EA03 /* Info.plist */ = {isa = PBXFileReference; lastKnownFileType = text.plist.xml; path = Info.plist; sourceTree = "<group>"; };
		D3B564D11CE885720092EA03 /* MusicVideoUITests.xctest */ = {isa = PBXFileReference; explicitFileType = wrapper.cfbundle; includeInIndex = 0; path = MusicVideoUITests.xctest; sourceTree = BUILT_PRODUCTS_DIR; };
		D3B564D51CE885720092EA03 /* MusicVideoUITests.swift */ = {isa = PBXFileReference; lastKnownFileType = sourcecode.swift; path = MusicVideoUITests.swift; sourceTree = "<group>"; };
		D3B564D71CE885720092EA03 /* Info.plist */ = {isa = PBXFileReference; lastKnownFileType = text.plist.xml; path = Info.plist; sourceTree = "<group>"; };
		D3B564E71CE895A60092EA03 /* APIManager.swift */ = {isa = PBXFileReference; fileEncoding = 4; lastKnownFileType = sourcecode.swift; path = APIManager.swift; sourceTree = "<group>"; };
		D3B564EA1CE8EE660092EA03 /* Constants.swift */ = {isa = PBXFileReference; fileEncoding = 4; lastKnownFileType = sourcecode.swift; path = Constants.swift; sourceTree = "<group>"; };
		D3B564EC1CE8EFA80092EA03 /* MusicVideo.swift */ = {isa = PBXFileReference; fileEncoding = 4; lastKnownFileType = sourcecode.swift; path = MusicVideo.swift; sourceTree = "<group>"; };
		D3E580921CEE67C0004BAB9F /* MusicVideoTVC.swift */ = {isa = PBXFileReference; fileEncoding = 4; lastKnownFileType = sourcecode.swift; path = MusicVideoTVC.swift; sourceTree = "<group>"; };
		D3E580941CEEE298004BAB9F /* MusicVideoTableViewCell.swift */ = {isa = PBXFileReference; fileEncoding = 4; lastKnownFileType = sourcecode.swift; path = MusicVideoTableViewCell.swift; sourceTree = "<group>"; };
/* End PBXFileReference section */

/* Begin PBXFrameworksBuildPhase section */
		D3B564AF1CE885720092EA03 /* Frameworks */ = {
			isa = PBXFrameworksBuildPhase;
			buildActionMask = 2147483647;
			files = (
			);
			runOnlyForDeploymentPostprocessing = 0;
		};
		D3B564C31CE885720092EA03 /* Frameworks */ = {
			isa = PBXFrameworksBuildPhase;
			buildActionMask = 2147483647;
			files = (
			);
			runOnlyForDeploymentPostprocessing = 0;
		};
		D3B564CE1CE885720092EA03 /* Frameworks */ = {
			isa = PBXFrameworksBuildPhase;
			buildActionMask = 2147483647;
			files = (
			);
			runOnlyForDeploymentPostprocessing = 0;
		};
/* End PBXFrameworksBuildPhase section */

/* Begin PBXGroup section */
		D333601A1CE9A46F00E39FA6 /* Obj-C */ = {
			isa = PBXGroup;
			children = (
				D333601C1CE9A4CB00E39FA6 /* Reachability.h */,
				D333601D1CE9A4CB00E39FA6 /* Reachability.m */,
				D333601B1CE9A4CB00E39FA6 /* MusicVideo-Bridging-Header.h */,
			);
			name = "Obj-C";
			sourceTree = "<group>";
		};
		D3B564A91CE885720092EA03 = {
			isa = PBXGroup;
			children = (
				D3B564B41CE885720092EA03 /* MusicVideo */,
				D3B564C91CE885720092EA03 /* MusicVideoTests */,
				D3B564D41CE885720092EA03 /* MusicVideoUITests */,
				D3B564B31CE885720092EA03 /* Products */,
			);
			sourceTree = "<group>";
			usesTabs = 0;
		};
		D3B564B31CE885720092EA03 /* Products */ = {
			isa = PBXGroup;
			children = (
				D3B564B21CE885720092EA03 /* MusicVideo.app */,
				D3B564C61CE885720092EA03 /* MusicVideoTests.xctest */,
				D3B564D11CE885720092EA03 /* MusicVideoUITests.xctest */,
			);
			name = Products;
			sourceTree = "<group>";
		};
		D3B564B41CE885720092EA03 /* MusicVideo */ = {
			isa = PBXGroup;
			children = (
				D333601A1CE9A46F00E39FA6 /* Obj-C */,
				D3B564E91CE8EE520092EA03 /* Utils */,
				D3B564E61CE889B50092EA03 /* Supporting Files */,
				D3B564E31CE889710092EA03 /* Model */,
				D3B564E41CE8897D0092EA03 /* Controller */,
				D3B564E51CE8898C0092EA03 /* View */,
			);
			path = MusicVideo;
			sourceTree = "<group>";
		};
		D3B564C91CE885720092EA03 /* MusicVideoTests */ = {
			isa = PBXGroup;
			children = (
				D3B564CA1CE885720092EA03 /* MusicVideoTests.swift */,
				D3B564CC1CE885720092EA03 /* Info.plist */,
			);
			path = MusicVideoTests;
			sourceTree = "<group>";
		};
		D3B564D41CE885720092EA03 /* MusicVideoUITests */ = {
			isa = PBXGroup;
			children = (
				D3B564D51CE885720092EA03 /* MusicVideoUITests.swift */,
				D3B564D71CE885720092EA03 /* Info.plist */,
			);
			path = MusicVideoUITests;
			sourceTree = "<group>";
		};
		D3B564E31CE889710092EA03 /* Model */ = {
			isa = PBXGroup;
			children = (
				D3B564EC1CE8EFA80092EA03 /* MusicVideo.swift */,
				D3B564E71CE895A60092EA03 /* APIManager.swift */,
			);
			name = Model;
			sourceTree = "<group>";
		};
		D3B564E41CE8897D0092EA03 /* Controller */ = {
			isa = PBXGroup;
			children = (
				D3E580921CEE67C0004BAB9F /* MusicVideoTVC.swift */,
				D3E580941CEEE298004BAB9F /* MusicVideoTableViewCell.swift */,
				D3B564B71CE885720092EA03 /* ViewController.swift */,
			);
			name = Controller;
			sourceTree = "<group>";
		};
		D3B564E51CE8898C0092EA03 /* View */ = {
			isa = PBXGroup;
			children = (
				D3B564B91CE885720092EA03 /* Main.storyboard */,
				D3B564BE1CE885720092EA03 /* LaunchScreen.storyboard */,
			);
			name = View;
			sourceTree = "<group>";
		};
		D3B564E61CE889B50092EA03 /* Supporting Files */ = {
			isa = PBXGroup;
			children = (
				D3B564B51CE885720092EA03 /* AppDelegate.swift */,
				D3B564BC1CE885720092EA03 /* Assets.xcassets */,
				D3B564C11CE885720092EA03 /* Info.plist */,
			);
			name = "Supporting Files";
			sourceTree = "<group>";
		};
		D3B564E91CE8EE520092EA03 /* Utils */ = {
			isa = PBXGroup;
			children = (
				D3B564EA1CE8EE660092EA03 /* Constants.swift */,
			);
			name = Utils;
			sourceTree = "<group>";
		};
/* End PBXGroup section */

/* Begin PBXNativeTarget section */
		D3B564B11CE885720092EA03 /* MusicVideo */ = {
			isa = PBXNativeTarget;
			buildConfigurationList = D3B564DA1CE885720092EA03 /* Build configuration list for PBXNativeTarget "MusicVideo" */;
			buildPhases = (
				D3B564AE1CE885720092EA03 /* Sources */,
				D3B564AF1CE885720092EA03 /* Frameworks */,
				D3B564B01CE885720092EA03 /* Resources */,
			);
			buildRules = (
			);
			dependencies = (
			);
			name = MusicVideo;
			productName = MusicVideo;
			productReference = D3B564B21CE885720092EA03 /* MusicVideo.app */;
			productType = "com.apple.product-type.application";
		};
		D3B564C51CE885720092EA03 /* MusicVideoTests */ = {
			isa = PBXNativeTarget;
			buildConfigurationList = D3B564DD1CE885720092EA03 /* Build configuration list for PBXNativeTarget "MusicVideoTests" */;
			buildPhases = (
				D3B564C21CE885720092EA03 /* Sources */,
				D3B564C31CE885720092EA03 /* Frameworks */,
				D3B564C41CE885720092EA03 /* Resources */,
			);
			buildRules = (
			);
			dependencies = (
				D3B564C81CE885720092EA03 /* PBXTargetDependency */,
			);
			name = MusicVideoTests;
			productName = MusicVideoTests;
			productReference = D3B564C61CE885720092EA03 /* MusicVideoTests.xctest */;
			productType = "com.apple.product-type.bundle.unit-test";
		};
		D3B564D01CE885720092EA03 /* MusicVideoUITests */ = {
			isa = PBXNativeTarget;
			buildConfigurationList = D3B564E01CE885720092EA03 /* Build configuration list for PBXNativeTarget "MusicVideoUITests" */;
			buildPhases = (
				D3B564CD1CE885720092EA03 /* Sources */,
				D3B564CE1CE885720092EA03 /* Frameworks */,
				D3B564CF1CE885720092EA03 /* Resources */,
			);
			buildRules = (
			);
			dependencies = (
				D3B564D31CE885720092EA03 /* PBXTargetDependency */,
			);
			name = MusicVideoUITests;
			productName = MusicVideoUITests;
			productReference = D3B564D11CE885720092EA03 /* MusicVideoUITests.xctest */;
			productType = "com.apple.product-type.bundle.ui-testing";
		};
/* End PBXNativeTarget section */

/* Begin PBXProject section */
		D3B564AA1CE885720092EA03 /* Project object */ = {
			isa = PBXProject;
			attributes = {
				LastSwiftUpdateCheck = 0730;
				LastUpgradeCheck = 0730;
				ORGANIZATIONNAME = "Diego Russo";
				TargetAttributes = {
					D3B564B11CE885720092EA03 = {
						CreatedOnToolsVersion = 7.3;
						DevelopmentTeam = 3QACG89R9Q;
					};
					D3B564C51CE885720092EA03 = {
						CreatedOnToolsVersion = 7.3;
						TestTargetID = D3B564B11CE885720092EA03;
					};
					D3B564D01CE885720092EA03 = {
						CreatedOnToolsVersion = 7.3;
						TestTargetID = D3B564B11CE885720092EA03;
					};
				};
			};
			buildConfigurationList = D3B564AD1CE885720092EA03 /* Build configuration list for PBXProject "MusicVideo" */;
			compatibilityVersion = "Xcode 3.2";
			developmentRegion = English;
			hasScannedForEncodings = 0;
			knownRegions = (
				en,
				Base,
			);
			mainGroup = D3B564A91CE885720092EA03;
			productRefGroup = D3B564B31CE885720092EA03 /* Products */;
			projectDirPath = "";
			projectRoot = "";
			targets = (
				D3B564B11CE885720092EA03 /* MusicVideo */,
				D3B564C51CE885720092EA03 /* MusicVideoTests */,
				D3B564D01CE885720092EA03 /* MusicVideoUITests */,
			);
		};
/* End PBXProject section */

/* Begin PBXResourcesBuildPhase section */
		D3B564B01CE885720092EA03 /* Resources */ = {
			isa = PBXResourcesBuildPhase;
			buildActionMask = 2147483647;
			files = (
				D3B564C01CE885720092EA03 /* LaunchScreen.storyboard in Resources */,
				D3B564BD1CE885720092EA03 /* Assets.xcassets in Resources */,
				D3B564BB1CE885720092EA03 /* Main.storyboard in Resources */,
			);
			runOnlyForDeploymentPostprocessing = 0;
		};
		D3B564C41CE885720092EA03 /* Resources */ = {
			isa = PBXResourcesBuildPhase;
			buildActionMask = 2147483647;
			files = (
			);
			runOnlyForDeploymentPostprocessing = 0;
		};
		D3B564CF1CE885720092EA03 /* Resources */ = {
			isa = PBXResourcesBuildPhase;
			buildActionMask = 2147483647;
			files = (
			);
			runOnlyForDeploymentPostprocessing = 0;
		};
/* End PBXResourcesBuildPhase section */

/* Begin PBXSourcesBuildPhase section */
		D3B564AE1CE885720092EA03 /* Sources */ = {
			isa = PBXSourcesBuildPhase;
			buildActionMask = 2147483647;
			files = (
				D3B564E81CE895A60092EA03 /* APIManager.swift in Sources */,
				D3B564B81CE885720092EA03 /* ViewController.swift in Sources */,
				D3B564ED1CE8EFA80092EA03 /* MusicVideo.swift in Sources */,
				D3E580951CEEE298004BAB9F /* MusicVideoTableViewCell.swift in Sources */,
				D3B564B61CE885720092EA03 /* AppDelegate.swift in Sources */,
				D333601E1CE9A4CB00E39FA6 /* Reachability.m in Sources */,
				D3B564EB1CE8EE660092EA03 /* Constants.swift in Sources */,
				D3E580931CEE67C0004BAB9F /* MusicVideoTVC.swift in Sources */,
			);
			runOnlyForDeploymentPostprocessing = 0;
		};
		D3B564C21CE885720092EA03 /* Sources */ = {
			isa = PBXSourcesBuildPhase;
			buildActionMask = 2147483647;
			files = (
				D3B564CB1CE885720092EA03 /* MusicVideoTests.swift in Sources */,
			);
			runOnlyForDeploymentPostprocessing = 0;
		};
		D3B564CD1CE885720092EA03 /* Sources */ = {
			isa = PBXSourcesBuildPhase;
			buildActionMask = 2147483647;
			files = (
				D3B564D61CE885720092EA03 /* MusicVideoUITests.swift in Sources */,
			);
			runOnlyForDeploymentPostprocessing = 0;
		};
/* End PBXSourcesBuildPhase section */

/* Begin PBXTargetDependency section */
		D3B564C81CE885720092EA03 /* PBXTargetDependency */ = {
			isa = PBXTargetDependency;
			target = D3B564B11CE885720092EA03 /* MusicVideo */;
			targetProxy = D3B564C71CE885720092EA03 /* PBXContainerItemProxy */;
		};
		D3B564D31CE885720092EA03 /* PBXTargetDependency */ = {
			isa = PBXTargetDependency;
			target = D3B564B11CE885720092EA03 /* MusicVideo */;
			targetProxy = D3B564D21CE885720092EA03 /* PBXContainerItemProxy */;
		};
/* End PBXTargetDependency section */

/* Begin PBXVariantGroup section */
		D3B564B91CE885720092EA03 /* Main.storyboard */ = {
			isa = PBXVariantGroup;
			children = (
				D3B564BA1CE885720092EA03 /* Base */,
			);
			name = Main.storyboard;
			sourceTree = "<group>";
		};
		D3B564BE1CE885720092EA03 /* LaunchScreen.storyboard */ = {
			isa = PBXVariantGroup;
			children = (
				D3B564BF1CE885720092EA03 /* Base */,
			);
			name = LaunchScreen.storyboard;
			sourceTree = "<group>";
		};
/* End PBXVariantGroup section */

/* Begin XCBuildConfiguration section */
		D3B564D81CE885720092EA03 /* Debug */ = {
			isa = XCBuildConfiguration;
			buildSettings = {
				ALWAYS_SEARCH_USER_PATHS = NO;
				CLANG_ANALYZER_NONNULL = YES;
				CLANG_CXX_LANGUAGE_STANDARD = "gnu++0x";
				CLANG_CXX_LIBRARY = "libc++";
				CLANG_ENABLE_MODULES = YES;
				CLANG_ENABLE_OBJC_ARC = YES;
				CLANG_WARN_BOOL_CONVERSION = YES;
				CLANG_WARN_CONSTANT_CONVERSION = YES;
				CLANG_WARN_DIRECT_OBJC_ISA_USAGE = YES_ERROR;
				CLANG_WARN_EMPTY_BODY = YES;
				CLANG_WARN_ENUM_CONVERSION = YES;
				CLANG_WARN_INT_CONVERSION = YES;
				CLANG_WARN_OBJC_ROOT_CLASS = YES_ERROR;
				CLANG_WARN_UNREACHABLE_CODE = YES;
				CLANG_WARN__DUPLICATE_METHOD_MATCH = YES;
				"CODE_SIGN_IDENTITY[sdk=iphoneos*]" = "iPhone Developer";
				COPY_PHASE_STRIP = NO;
				DEBUG_INFORMATION_FORMAT = dwarf;
				ENABLE_STRICT_OBJC_MSGSEND = YES;
				ENABLE_TESTABILITY = YES;
				GCC_C_LANGUAGE_STANDARD = gnu99;
				GCC_DYNAMIC_NO_PIC = NO;
				GCC_NO_COMMON_BLOCKS = YES;
				GCC_OPTIMIZATION_LEVEL = 0;
				GCC_PREPROCESSOR_DEFINITIONS = (
					"DEBUG=1",
					"$(inherited)",
				);
				GCC_WARN_64_TO_32_BIT_CONVERSION = YES;
				GCC_WARN_ABOUT_RETURN_TYPE = YES_ERROR;
				GCC_WARN_UNDECLARED_SELECTOR = YES;
				GCC_WARN_UNINITIALIZED_AUTOS = YES_AGGRESSIVE;
				GCC_WARN_UNUSED_FUNCTION = YES;
				GCC_WARN_UNUSED_VARIABLE = YES;
				IPHONEOS_DEPLOYMENT_TARGET = 9.3;
				MTL_ENABLE_DEBUG_INFO = YES;
				ONLY_ACTIVE_ARCH = YES;
				SDKROOT = iphoneos;
				SWIFT_OPTIMIZATION_LEVEL = "-Onone";
				TARGETED_DEVICE_FAMILY = "1,2";
			};
			name = Debug;
		};
		D3B564D91CE885720092EA03 /* Release */ = {
			isa = XCBuildConfiguration;
			buildSettings = {
				ALWAYS_SEARCH_USER_PATHS = NO;
				CLANG_ANALYZER_NONNULL = YES;
				CLANG_CXX_LANGUAGE_STANDARD = "gnu++0x";
				CLANG_CXX_LIBRARY = "libc++";
				CLANG_ENABLE_MODULES = YES;
				CLANG_ENABLE_OBJC_ARC = YES;
				CLANG_WARN_BOOL_CONVERSION = YES;
				CLANG_WARN_CONSTANT_CONVERSION = YES;
				CLANG_WARN_DIRECT_OBJC_ISA_USAGE = YES_ERROR;
				CLANG_WARN_EMPTY_BODY = YES;
				CLANG_WARN_ENUM_CONVERSION = YES;
				CLANG_WARN_INT_CONVERSION = YES;
				CLANG_WARN_OBJC_ROOT_CLASS = YES_ERROR;
				CLANG_WARN_UNREACHABLE_CODE = YES;
				CLANG_WARN__DUPLICATE_METHOD_MATCH = YES;
				"CODE_SIGN_IDENTITY[sdk=iphoneos*]" = "iPhone Developer";
				COPY_PHASE_STRIP = NO;
				DEBUG_INFORMATION_FORMAT = "dwarf-with-dsym";
				ENABLE_NS_ASSERTIONS = NO;
				ENABLE_STRICT_OBJC_MSGSEND = YES;
				GCC_C_LANGUAGE_STANDARD = gnu99;
				GCC_NO_COMMON_BLOCKS = YES;
				GCC_WARN_64_TO_32_BIT_CONVERSION = YES;
				GCC_WARN_ABOUT_RETURN_TYPE = YES_ERROR;
				GCC_WARN_UNDECLARED_SELECTOR = YES;
				GCC_WARN_UNINITIALIZED_AUTOS = YES_AGGRESSIVE;
				GCC_WARN_UNUSED_FUNCTION = YES;
				GCC_WARN_UNUSED_VARIABLE = YES;
				IPHONEOS_DEPLOYMENT_TARGET = 9.3;
				MTL_ENABLE_DEBUG_INFO = NO;
				SDKROOT = iphoneos;
				TARGETED_DEVICE_FAMILY = "1,2";
				VALIDATE_PRODUCT = YES;
			};
			name = Release;
		};
		D3B564DB1CE885720092EA03 /* Debug */ = {
			isa = XCBuildConfiguration;
			buildSettings = {
				ASSETCATALOG_COMPILER_APPICON_NAME = AppIcon;
				CLANG_ENABLE_MODULES = YES;
				CODE_SIGN_IDENTITY = "iPhone Developer";
				INFOPLIST_FILE = MusicVideo/Info.plist;
				LD_RUNPATH_SEARCH_PATHS = "$(inherited) @executable_path/Frameworks";
				PRODUCT_BUNDLE_IDENTIFIER = it.diegor.MusicVideo;
				PRODUCT_NAME = "$(TARGET_NAME)";
				SWIFT_OBJC_BRIDGING_HEADER = "MusicVideo/MusicVideo-Bridging-Header.h";
				SWIFT_OPTIMIZATION_LEVEL = "-Onone";
			};
			name = Debug;
		};
		D3B564DC1CE885720092EA03 /* Release */ = {
			isa = XCBuildConfiguration;
			buildSettings = {
				ASSETCATALOG_COMPILER_APPICON_NAME = AppIcon;
				CLANG_ENABLE_MODULES = YES;
				CODE_SIGN_IDENTITY = "iPhone Developer";
				INFOPLIST_FILE = MusicVideo/Info.plist;
				LD_RUNPATH_SEARCH_PATHS = "$(inherited) @executable_path/Frameworks";
				PRODUCT_BUNDLE_IDENTIFIER = it.diegor.MusicVideo;
				PRODUCT_NAME = "$(TARGET_NAME)";
				SWIFT_OBJC_BRIDGING_HEADER = "MusicVideo/MusicVideo-Bridging-Header.h";
			};
			name = Release;
		};
		D3B564DE1CE885720092EA03 /* Debug */ = {
			isa = XCBuildConfiguration;
			buildSettings = {
				BUNDLE_LOADER = "$(TEST_HOST)";
				INFOPLIST_FILE = MusicVideoTests/Info.plist;
				LD_RUNPATH_SEARCH_PATHS = "$(inherited) @executable_path/Frameworks @loader_path/Frameworks";
				PRODUCT_BUNDLE_IDENTIFIER = it.diegor.MusicVideoTests;
				PRODUCT_NAME = "$(TARGET_NAME)";
				TEST_HOST = "$(BUILT_PRODUCTS_DIR)/MusicVideo.app/MusicVideo";
			};
			name = Debug;
		};
		D3B564DF1CE885720092EA03 /* Release */ = {
			isa = XCBuildConfiguration;
			buildSettings = {
				BUNDLE_LOADER = "$(TEST_HOST)";
				INFOPLIST_FILE = MusicVideoTests/Info.plist;
				LD_RUNPATH_SEARCH_PATHS = "$(inherited) @executable_path/Frameworks @loader_path/Frameworks";
				PRODUCT_BUNDLE_IDENTIFIER = it.diegor.MusicVideoTests;
				PRODUCT_NAME = "$(TARGET_NAME)";
				TEST_HOST = "$(BUILT_PRODUCTS_DIR)/MusicVideo.app/MusicVideo";
			};
			name = Release;
		};
		D3B564E11CE885720092EA03 /* Debug */ = {
			isa = XCBuildConfiguration;
			buildSettings = {
				INFOPLIST_FILE = MusicVideoUITests/Info.plist;
				LD_RUNPATH_SEARCH_PATHS = "$(inherited) @executable_path/Frameworks @loader_path/Frameworks";
				PRODUCT_BUNDLE_IDENTIFIER = it.diegor.MusicVideoUITests;
				PRODUCT_NAME = "$(TARGET_NAME)";
				TEST_TARGET_NAME = MusicVideo;
			};
			name = Debug;
		};
		D3B564E21CE885720092EA03 /* Release */ = {
			isa = XCBuildConfiguration;
			buildSettings = {
				INFOPLIST_FILE = MusicVideoUITests/Info.plist;
				LD_RUNPATH_SEARCH_PATHS = "$(inherited) @executable_path/Frameworks @loader_path/Frameworks";
				PRODUCT_BUNDLE_IDENTIFIER = it.diegor.MusicVideoUITests;
				PRODUCT_NAME = "$(TARGET_NAME)";
				TEST_TARGET_NAME = MusicVideo;
			};
			name = Release;
		};
/* End XCBuildConfiguration section */

/* Begin XCConfigurationList section */
		D3B564AD1CE885720092EA03 /* Build configuration list for PBXProject "MusicVideo" */ = {
			isa = XCConfigurationList;
			buildConfigurations = (
				D3B564D81CE885720092EA03 /* Debug */,
				D3B564D91CE885720092EA03 /* Release */,
			);
			defaultConfigurationIsVisible = 0;
			defaultConfigurationName = Release;
		};
		D3B564DA1CE885720092EA03 /* Build configuration list for PBXNativeTarget "MusicVideo" */ = {
			isa = XCConfigurationList;
			buildConfigurations = (
				D3B564DB1CE885720092EA03 /* Debug */,
				D3B564DC1CE885720092EA03 /* Release */,
			);
			defaultConfigurationIsVisible = 0;
			defaultConfigurationName = Release;
		};
		D3B564DD1CE885720092EA03 /* Build configuration list for PBXNativeTarget "MusicVideoTests" */ = {
			isa = XCConfigurationList;
			buildConfigurations = (
				D3B564DE1CE885720092EA03 /* Debug */,
				D3B564DF1CE885720092EA03 /* Release */,
			);
			defaultConfigurationIsVisible = 0;
			defaultConfigurationName = Release;
		};
		D3B564E01CE885720092EA03 /* Build configuration list for PBXNativeTarget "MusicVideoUITests" */ = {
			isa = XCConfigurationList;
			buildConfigurations = (
				D3B564E11CE885720092EA03 /* Debug */,
				D3B564E21CE885720092EA03 /* Release */,
			);
			defaultConfigurationIsVisible = 0;
			defaultConfigurationName = Release;
		};
/* End XCConfigurationList section */
	};
	rootObject = D3B564AA1CE885720092EA03 /* Project object */;
}
